
Microsoft Visual Studio Solution File, Format Version 12.00
# Visual Studio 15
VisualStudioVersion = 15.0.28307.329
MinimumVisualStudioVersion = 10.0.40219.1
Project("{8BC9CEB8-8B4A-11D0-8D11-00A0C91BC942}") = "Personal Information Display Program", "Personal Information Display Program\Personal Information Display Program.vcxproj", "{811814FB-E0E0-4D40-9941-5A48CCA8A46F}"
EndProject
Global
	GlobalSection(SolutionConfigurationPlatforms) = preSolution
		Debug|x64 = Debug|x64
		Debug|x86 = Debug|x86
		Release|x64 = Release|x64
		Release|x86 = Release|x86
	EndGlobalSection
	GlobalSection(ProjectConfigurationPlatforms) = postSolution
		{811814FB-E0E0-4D40-9941-5A48CCA8A46F}.Debug|x64.ActiveCfg = Debug|x64
		{811814FB-E0E0-4D40-9941-5A48CCA8A46F}.Debug|x64.Build.0 = Debug|x64
		{811814FB-E0E0-4D40-9941-5A48CCA8A46F}.Debug|x86.ActiveCfg = Debug|Win32
		{811814FB-E0E0-4D40-9941-5A48CCA8A46F}.Debug|x86.Build.0 = Debug|Win32
		{811814FB-E0E0-4D40-9941-5A48CCA8A46F}.Release|x64.ActiveCfg = Release|x64
		{811814FB-E0E0-4D40-9941-5A48CCA8A46F}.Release|x64.Build.0 = Release|x64
		{811814FB-E0E0-4D40-9941-5A48CCA8A46F}.Release|x86.ActiveCfg = Release|Win32
		{811814FB-E0E0-4D40-9941-5A48CCA8A46F}.Release|x86.Build.0 = Release|Win32
	EndGlobalSection
	GlobalSection(SolutionProperties) = preSolution
		HideSolutionNode = FALSE
	EndGlobalSection
	GlobalSection(ExtensibilityGlobals) = postSolution
		SolutionGuid = {3061D48B-1478-416E-A94C-0051B2530C8B}
	EndGlobalSection
EndGlobal
